// !$*UTF8*$!
{
	archiveVersion = 1;
	classes = {
	};
	objectVersion = 46;
	objects = {

/* Begin PBXBuildFile section */
		291CC4F91CE5713C0087CAA4 /* liushishi.png in Resources */ = {isa = PBXBuildFile; fileRef = 291CC4F81CE5713C0087CAA4 /* liushishi.png */; };
		291CC4FB1CE571980087CAA4 /* tempString.html in Resources */ = {isa = PBXBuildFile; fileRef = 291CC4FA1CE571980087CAA4 /* tempString.html */; };
		29B70BB61CE47C3700210079 /* main.m in Sources */ = {isa = PBXBuildFile; fileRef = 29B70BB51CE47C3700210079 /* main.m */; };
		29B70BB91CE47C3700210079 /* AppDelegate.m in Sources */ = {isa = PBXBuildFile; fileRef = 29B70BB81CE47C3700210079 /* AppDelegate.m */; };
		29B70BBC1CE47C3700210079 /* ViewController.m in Sources */ = {isa = PBXBuildFile; fileRef = 29B70BBB1CE47C3700210079 /* ViewController.m */; };
		29B70BBF1CE47C3700210079 /* Main.storyboard in Resources */ = {isa = PBXBuildFile; fileRef = 29B70BBD1CE47C3700210079 /* Main.storyboard */; };
		29B70BC11CE47C3700210079 /* Assets.xcassets in Resources */ = {isa = PBXBuildFile; fileRef = 29B70BC01CE47C3700210079 /* Assets.xcassets */; };
		29B70BC41CE47C3700210079 /* LaunchScreen.storyboard in Resources */ = {isa = PBXBuildFile; fileRef = 29B70BC21CE47C3700210079 /* LaunchScreen.storyboard */; };
		29B70BD81CE47C4B00210079 /* FMDatabase.m in Sources */ = {isa = PBXBuildFile; fileRef = 29B70BCD1CE47C4B00210079 /* FMDatabase.m */; };
		29B70BD91CE47C4B00210079 /* FMDatabaseAdditions.m in Sources */ = {isa = PBXBuildFile; fileRef = 29B70BCF1CE47C4B00210079 /* FMDatabaseAdditions.m */; };
		29B70BDA1CE47C4B00210079 /* FMDatabasePool.m in Sources */ = {isa = PBXBuildFile; fileRef = 29B70BD11CE47C4B00210079 /* FMDatabasePool.m */; };
		29B70BDB1CE47C4B00210079 /* FMDatabaseQueue.m in Sources */ = {isa = PBXBuildFile; fileRef = 29B70BD31CE47C4B00210079 /* FMDatabaseQueue.m */; };
		29B70BDC1CE47C4B00210079 /* FMResultSet.m in Sources */ = {isa = PBXBuildFile; fileRef = 29B70BD61CE47C4B00210079 /* FMResultSet.m */; };
		29B70BDD1CE47C4B00210079 /* Info.plist in Resources */ = {isa = PBXBuildFile; fileRef = 29B70BD71CE47C4B00210079 /* Info.plist */; };
		29B70BDF1CE47C6700210079 /* libsqlite3.tbd in Frameworks */ = {isa = PBXBuildFile; fileRef = 29B70BDE1CE47C6700210079 /* libsqlite3.tbd */; };
/* End PBXBuildFile section */

/* Begin PBXFileReference section */
		291CC4F81CE5713C0087CAA4 /* liushishi.png */ = {isa = PBXFileReference; lastKnownFileType = image.png; path = liushishi.png; sourceTree = "<group>"; };
		291CC4FA1CE571980087CAA4 /* tempString.html */ = {isa = PBXFileReference; fileEncoding = 4; lastKnownFileType = text.html; path = tempString.html; sourceTree = "<group>"; };
		29B70BB11CE47C3600210079 /* TestSQLite.app */ = {isa = PBXFileReference; explicitFileType = wrapper.application; includeInIndex = 0; path = TestSQLite.app; sourceTree = BUILT_PRODUCTS_DIR; };
		29B70BB51CE47C3700210079 /* main.m */ = {isa = PBXFileReference; lastKnownFileType = sourcecode.c.objc; path = main.m; sourceTree = "<group>"; };
		29B70BB71CE47C3700210079 /* AppDelegate.h */ = {isa = PBXFileReference; lastKnownFileType = sourcecode.c.h; path = AppDelegate.h; sourceTree = "<group>"; };
		29B70BB81CE47C3700210079 /* AppDelegate.m */ = {isa = PBXFileReference; lastKnownFileType = sourcecode.c.objc; path = AppDelegate.m; sourceTree = "<group>"; };
		29B70BBA1CE47C3700210079 /* ViewController.h */ = {isa = PBXFileReference; lastKnownFileType = sourcecode.c.h; path = ViewController.h; sourceTree = "<group>"; };
		29B70BBB1CE47C3700210079 /* ViewController.m */ = {isa = PBXFileReference; lastKnownFileType = sourcecode.c.objc; path = ViewController.m; sourceTree = "<group>"; };
		29B70BBE1CE47C3700210079 /* Base */ = {isa = PBXFileReference; lastKnownFileType = file.storyboard; name = Base; path = Base.lproj/Main.storyboard; sourceTree = "<group>"; };
		29B70BC01CE47C3700210079 /* Assets.xcassets */ = {isa = PBXFileReference; lastKnownFileType = folder.assetcatalog; path = Assets.xcassets; sourceTree = "<group>"; };
		29B70BC31CE47C3700210079 /* Base */ = {isa = PBXFileReference; lastKnownFileType = file.storyboard; name = Base; path = Base.lproj/LaunchScreen.storyboard; sourceTree = "<group>"; };
		29B70BC51CE47C3700210079 /* Info.plist */ = {isa = PBXFileReference; lastKnownFileType = text.plist.xml; path = Info.plist; sourceTree = "<group>"; };
		29B70BCC1CE47C4B00210079 /* FMDatabase.h */ = {isa = PBXFileReference; fileEncoding = 4; lastKnownFileType = sourcecode.c.h; path = FMDatabase.h; sourceTree = "<group>"; };
		29B70BCD1CE47C4B00210079 /* FMDatabase.m */ = {isa = PBXFileReference; fileEncoding = 4; lastKnownFileType = sourcecode.c.objc; path = FMDatabase.m; sourceTree = "<group>"; };
		29B70BCE1CE47C4B00210079 /* FMDatabaseAdditions.h */ = {isa = PBXFileReference; fileEncoding = 4; lastKnownFileType = sourcecode.c.h; path = FMDatabaseAdditions.h; sourceTree = "<group>"; };
		29B70BCF1CE47C4B00210079 /* FMDatabaseAdditions.m */ = {isa = PBXFileReference; fileEncoding = 4; lastKnownFileType = sourcecode.c.objc; path = FMDatabaseAdditions.m; sourceTree = "<group>"; };
		29B70BD01CE47C4B00210079 /* FMDatabasePool.h */ = {isa = PBXFileReference; fileEncoding = 4; lastKnownFileType = sourcecode.c.h; path = FMDatabasePool.h; sourceTree = "<group>"; };
		29B70BD11CE47C4B00210079 /* FMDatabasePool.m */ = {isa = PBXFileReference; fileEncoding = 4; lastKnownFileType = sourcecode.c.objc; path = FMDatabasePool.m; sourceTree = "<group>"; };
		29B70BD21CE47C4B00210079 /* FMDatabaseQueue.h */ = {isa = PBXFileReference; fileEncoding = 4; lastKnownFileType = sourcecode.c.h; path = FMDatabaseQueue.h; sourceTree = "<group>"; };
		29B70BD31CE47C4B00210079 /* FMDatabaseQueue.m */ = {isa = PBXFileReference; fileEncoding = 4; lastKnownFileType = sourcecode.c.objc; path = FMDatabaseQueue.m; sourceTree = "<group>"; };
		29B70BD41CE47C4B00210079 /* FMDB.h */ = {isa = PBXFileReference; fileEncoding = 4; lastKnownFileType = sourcecode.c.h; path = FMDB.h; sourceTree = "<group>"; };
		29B70BD51CE47C4B00210079 /* FMResultSet.h */ = {isa = PBXFileReference; fileEncoding = 4; lastKnownFileType = sourcecode.c.h; path = FMResultSet.h; sourceTree = "<group>"; };
		29B70BD61CE47C4B00210079 /* FMResultSet.m */ = {isa = PBXFileReference; fileEncoding = 4; lastKnownFileType = sourcecode.c.objc; path = FMResultSet.m; sourceTree = "<group>"; };
		29B70BD71CE47C4B00210079 /* Info.plist */ = {isa = PBXFileReference; fileEncoding = 4; lastKnownFileType = text.plist.xml; path = Info.plist; sourceTree = "<group>"; };
		29B70BDE1CE47C6700210079 /* libsqlite3.tbd */ = {isa = PBXFileReference; lastKnownFileType = "sourcecode.text-based-dylib-definition"; name = libsqlite3.tbd; path = usr/lib/libsqlite3.tbd; sourceTree = SDKROOT; };
/* End PBXFileReference section */

/* Begin PBXFrameworksBuildPhase section */
		29B70BAE1CE47C3600210079 /* Frameworks */ = {
			isa = PBXFrameworksBuildPhase;
			buildActionMask = 2147483647;
			files = (
				29B70BDF1CE47C6700210079 /* libsqlite3.tbd in Frameworks */,
			);
			runOnlyForDeploymentPostprocessing = 0;
		};
/* End PBXFrameworksBuildPhase section */

/* Begin PBXGroup section */
		29B70BA81CE47C3600210079 = {
			isa = PBXGroup;
			children = (
				29B70BDE1CE47C6700210079 /* libsqlite3.tbd */,
				291CC4FA1CE571980087CAA4 /* tempString.html */,
				29B70BB31CE47C3700210079 /* TestSQLite */,
				29B70BB21CE47C3600210079 /* Products */,
			);
			sourceTree = "<group>";
		};
		29B70BB21CE47C3600210079 /* Products */ = {
			isa = PBXGroup;
			children = (
				29B70BB11CE47C3600210079 /* TestSQLite.app */,
			);
			name = Products;
			sourceTree = "<group>";
		};
		29B70BB31CE47C3700210079 /* TestSQLite */ = {
			isa = PBXGroup;
			children = (
				291CC4F81CE5713C0087CAA4 /* liushishi.png */,
				29B70BCB1CE47C4B00210079 /* fmdb */,
				29B70BB71CE47C3700210079 /* AppDelegate.h */,
				29B70BB81CE47C3700210079 /* AppDelegate.m */,
				29B70BBA1CE47C3700210079 /* ViewController.h */,
				29B70BBB1CE47C3700210079 /* ViewController.m */,
				29B70BBD1CE47C3700210079 /* Main.storyboard */,
				29B70BC01CE47C3700210079 /* Assets.xcassets */,
				29B70BC21CE47C3700210079 /* LaunchScreen.storyboard */,
				29B70BC51CE47C3700210079 /* Info.plist */,
				29B70BB41CE47C3700210079 /* Supporting Files */,
			);
			path = TestSQLite;
			sourceTree = "<group>";
		};
		29B70BB41CE47C3700210079 /* Supporting Files */ = {
			isa = PBXGroup;
			children = (
				29B70BB51CE47C3700210079 /* main.m */,
			);
			name = "Supporting Files";
			sourceTree = "<group>";
		};
		29B70BCB1CE47C4B00210079 /* fmdb */ = {
			isa = PBXGroup;
			children = (
				29B70BCC1CE47C4B00210079 /* FMDatabase.h */,
				29B70BCD1CE47C4B00210079 /* FMDatabase.m */,
				29B70BCE1CE47C4B00210079 /* FMDatabaseAdditions.h */,
				29B70BCF1CE47C4B00210079 /* FMDatabaseAdditions.m */,
				29B70BD01CE47C4B00210079 /* FMDatabasePool.h */,
				29B70BD11CE47C4B00210079 /* FMDatabasePool.m */,
				29B70BD21CE47C4B00210079 /* FMDatabaseQueue.h */,
				29B70BD31CE47C4B00210079 /* FMDatabaseQueue.m */,
				29B70BD41CE47C4B00210079 /* FMDB.h */,
				29B70BD51CE47C4B00210079 /* FMResultSet.h */,
				29B70BD61CE47C4B00210079 /* FMResultSet.m */,
				29B70BD71CE47C4B00210079 /* Info.plist */,
			);
			path = fmdb;
			sourceTree = "<group>";
		};
/* End PBXGroup section */

/* Begin PBXNativeTarget section */
		29B70BB01CE47C3600210079 /* TestSQLite */ = {
			isa = PBXNativeTarget;
			buildConfigurationList = 29B70BC81CE47C3700210079 /* Build configuration list for PBXNativeTarget "TestSQLite" */;
			buildPhases = (
				29B70BAD1CE47C3600210079 /* Sources */,
				29B70BAE1CE47C3600210079 /* Frameworks */,
				29B70BAF1CE47C3600210079 /* Resources */,
			);
			buildRules = (
			);
			dependencies = (
			);
			name = TestSQLite;
			productName = TestSQLite;
			productReference = 29B70BB11CE47C3600210079 /* TestSQLite.app */;
			productType = "com.apple.product-type.application";
		};
/* End PBXNativeTarget section */

/* Begin PBXProject section */
		29B70BA91CE47C3600210079 /* Project object */ = {
			isa = PBXProject;
			attributes = {
				LastUpgradeCheck = 0730;
				ORGANIZATIONNAME = "My-Zone";
				TargetAttributes = {
					29B70BB01CE47C3600210079 = {
						CreatedOnToolsVersion = 7.3.1;
					};
				};
			};
			buildConfigurationList = 29B70BAC1CE47C3600210079 /* Build configuration list for PBXProject "TestSQLite" */;
			compatibilityVersion = "Xcode 3.2";
			developmentRegion = English;
			hasScannedForEncodings = 0;
			knownRegions = (
				en,
				Base,
			);
			mainGroup = 29B70BA81CE47C3600210079;
			productRefGroup = 29B70BB21CE47C3600210079 /* Products */;
			projectDirPath = "";
			projectRoot = "";
			targets = (
				29B70BB01CE47C3600210079 /* TestSQLite */,
			);
		};
/* End PBXProject section */

/* Begin PBXResourcesBuildPhase section */
		29B70BAF1CE47C3600210079 /* Resources */ = {
			isa = PBXResourcesBuildPhase;
			buildActionMask = 2147483647;
			files = (
				29B70BDD1CE47C4B00210079 /* Info.plist in Resources */,
				291CC4FB1CE571980087CAA4 /* tempString.html in Resources */,
				291CC4F91CE5713C0087CAA4 /* liushishi.png in Resources */,
				29B70BC41CE47C3700210079 /* LaunchScreen.storyboard in Resources */,
				29B70BC11CE47C3700210079 /* Assets.xcassets in Resources */,
				29B70BBF1CE47C3700210079 /* Main.storyboard in Resources */,
			);
			runOnlyForDeploymentPostprocessing = 0;
		};
/* End PBXResourcesBuildPhase section */

/* Begin PBXSourcesBuildPhase section */
		29B70BAD1CE47C3600210079 /* Sources */ = {
			isa = PBXSourcesBuildPhase;
			buildActionMask = 2147483647;
			files = (
				29B70BBC1CE47C3700210079 /* ViewController.m in Sources */,
				29B70BDA1CE47C4B00210079 /* FMDatabasePool.m in Sources */,
				29B70BB91CE47C3700210079 /* AppDelegate.m in Sources */,
				29B70BDB1CE47C4B00210079 /* FMDatabaseQueue.m in Sources */,
				29B70BB61CE47C3700210079 /* main.m in Sources */,
				29B70BD81CE47C4B00210079 /* FMDatabase.m in Sources */,
				29B70BDC1CE47C4B00210079 /* FMResultSet.m in Sources */,
				29B70BD91CE47C4B00210079 /* FMDatabaseAdditions.m in Sources */,
			);
			runOnlyForDeploymentPostprocessing = 0;
		};
/* End PBXSourcesBuildPhase section */

/* Begin PBXVariantGroup section */
		29B70BBD1CE47C3700210079 /* Main.storyboard */ = {
			isa = PBXVariantGroup;
			children = (
				29B70BBE1CE47C3700210079 /* Base */,
			);
			name = Main.storyboard;
			sourceTree = "<group>";
		};
		29B70BC21CE47C3700210079 /* LaunchScreen.storyboard */ = {
			isa = PBXVariantGroup;
			children = (
				29B70BC31CE47C3700210079 /* Base */,
			);
			name = LaunchScreen.storyboard;
			sourceTree = "<group>";
		};
/* End PBXVariantGroup section */

/* Begin XCBuildConfiguration section */
		29B70BC61CE47C3700210079 /* Debug */ = {
			isa = XCBuildConfiguration;
			buildSettings = {
				ALWAYS_SEARCH_USER_PATHS = NO;
				CLANG_ANALYZER_NONNULL = YES;
				CLANG_CXX_LANGUAGE_STANDARD = "gnu++0x";
				CLANG_CXX_LIBRARY = "libc++";
				CLANG_ENABLE_MODULES = YES;
				CLANG_ENABLE_OBJC_ARC = YES;
				CLANG_WARN_BOOL_CONVERSION = YES;
				CLANG_WARN_CONSTANT_CONVERSION = YES;
				CLANG_WARN_DIRECT_OBJC_ISA_USAGE = YES_ERROR;
				CLANG_WARN_EMPTY_BODY = YES;
				CLANG_WARN_ENUM_CONVERSION = YES;
				CLANG_WARN_INT_CONVERSION = YES;
				CLANG_WARN_OBJC_ROOT_CLASS = YES_ERROR;
				CLANG_WARN_UNREACHABLE_CODE = YES;
				CLANG_WARN__DUPLICATE_METHOD_MATCH = YES;
				"CODE_SIGN_IDENTITY[sdk=iphoneos*]" = "iPhone Developer";
				COPY_PHASE_STRIP = NO;
				DEBUG_INFORMATION_FORMAT = dwarf;
				ENABLE_STRICT_OBJC_MSGSEND = YES;
				ENABLE_TESTABILITY = YES;
				GCC_C_LANGUAGE_STANDARD = gnu99;
				GCC_DYNAMIC_NO_PIC = NO;
				GCC_NO_COMMON_BLOCKS = YES;
				GCC_OPTIMIZATION_LEVEL = 0;
				GCC_PREPROCESSOR_DEFINITIONS = (
					"DEBUG=1",
					"$(inherited)",
				);
				GCC_WARN_64_TO_32_BIT_CONVERSION = YES;
				GCC_WARN_ABOUT_RETURN_TYPE = YES_ERROR;
				GCC_WARN_UNDECLARED_SELECTOR = YES;
				GCC_WARN_UNINITIALIZED_AUTOS = YES_AGGRESSIVE;
				GCC_WARN_UNUSED_FUNCTION = YES;
				GCC_WARN_UNUSED_VARIABLE = YES;
				IPHONEOS_DEPLOYMENT_TARGET = 9.3;
				MTL_ENABLE_DEBUG_INFO = YES;
				ONLY_ACTIVE_ARCH = YES;
				SDKROOT = iphoneos;
			};
			name = Debug;
		};
		29B70BC71CE47C3700210079 /* Release */ = {
			isa = XCBuildConfiguration;
			buildSettings = {
				ALWAYS_SEARCH_USER_PATHS = NO;
				CLANG_ANALYZER_NONNULL = YES;
				CLANG_CXX_LANGUAGE_STANDARD = "gnu++0x";
				CLANG_CXX_LIBRARY = "libc++";
				CLANG_ENABLE_MODULES = YES;
				CLANG_ENABLE_OBJC_ARC = YES;
				CLANG_WARN_BOOL_CONVERSION = YES;
				CLANG_WARN_CONSTANT_CONVERSION = YES;
				CLANG_WARN_DIRECT_OBJC_ISA_USAGE = YES_ERROR;
				CLANG_WARN_EMPTY_BODY = YES;
				CLANG_WARN_ENUM_CONVERSION = YES;
				CLANG_WARN_INT_CONVERSION = YES;
				CLANG_WARN_OBJC_ROOT_CLASS = YES_ERROR;
				CLANG_WARN_UNREACHABLE_CODE = YES;
				CLANG_WARN__DUPLICATE_METHOD_MATCH = YES;
				"CODE_SIGN_IDENTITY[sdk=iphoneos*]" = "iPhone Developer";
				COPY_PHASE_STRIP = NO;
				DEBUG_INFORMATION_FORMAT = "dwarf-with-dsym";
				ENABLE_NS_ASSERTIONS = NO;
				ENABLE_STRICT_OBJC_MSGSEND = YES;
				GCC_C_LANGUAGE_STANDARD = gnu99;
				GCC_NO_COMMON_BLOCKS = YES;
				GCC_WARN_64_TO_32_BIT_CONVERSION = YES;
				GCC_WARN_ABOUT_RETURN_TYPE = YES_ERROR;
				GCC_WARN_UNDECLARED_SELECTOR = YES;
				GCC_WARN_UNINITIALIZED_AUTOS = YES_AGGRESSIVE;
				GCC_WARN_UNUSED_FUNCTION = YES;
				GCC_WARN_UNUSED_VARIABLE = YES;
				IPHONEOS_DEPLOYMENT_TARGET = 9.3;
				MTL_ENABLE_DEBUG_INFO = NO;
				SDKROOT = iphoneos;
				VALIDATE_PRODUCT = YES;
			};
			name = Release;
		};
		29B70BC91CE47C3700210079 /* Debug */ = {
			isa = XCBuildConfiguration;
			buildSettings = {
				ASSETCATALOG_COMPILER_APPICON_NAME = AppIcon;
				INFOPLIST_FILE = TestSQLite/Info.plist;
				LD_RUNPATH_SEARCH_PATHS = "$(inherited) @executable_path/Frameworks";
				PRODUCT_BUNDLE_IDENTIFIER = com.myzone.TestSQLite;
				PRODUCT_NAME = "$(TARGET_NAME)";
			};
			name = Debug;
		};
		29B70BCA1CE47C3700210079 /* Release */ = {
			isa = XCBuildConfiguration;
			buildSettings = {
				ASSETCATALOG_COMPILER_APPICON_NAME = AppIcon;
				INFOPLIST_FILE = TestSQLite/Info.plist;
				LD_RUNPATH_SEARCH_PATHS = "$(inherited) @executable_path/Frameworks";
				PRODUCT_BUNDLE_IDENTIFIER = com.myzone.TestSQLite;
				PRODUCT_NAME = "$(TARGET_NAME)";
			};
			name = Release;
		};
/* End XCBuildConfiguration section */

/* Begin XCConfigurationList section */
		29B70BAC1CE47C3600210079 /* Build configuration list for PBXProject "TestSQLite" */ = {
			isa = XCConfigurationList;
			buildConfigurations = (
				29B70BC61CE47C3700210079 /* Debug */,
				29B70BC71CE47C3700210079 /* Release */,
			);
			defaultConfigurationIsVisible = 0;
			defaultConfigurationName = Release;
		};
		29B70BC81CE47C3700210079 /* Build configuration list for PBXNativeTarget "TestSQLite" */ = {
			isa = XCConfigurationList;
			buildConfigurations = (
				29B70BC91CE47C3700210079 /* Debug */,
				29B70BCA1CE47C3700210079 /* Release */,
			);
			defaultConfigurationIsVisible = 0;
			defaultConfigurationName = Release;
		};
/* End XCConfigurationList section */
	};
	rootObject = 29B70BA91CE47C3600210079 /* Project object */;
}
